// !$*UTF8*$!
{
	archiveVersion = 1;
	classes = {
	};
	objectVersion = 51;
	objects = {

/* Begin PBXBuildFile section */
		0B267478A927675EFF58F2AD /* EmotionSelectViewController.swift in Sources */ = {isa = PBXBuildFile; fileRef = 5184E7A004E2455B23B5555F /* EmotionSelectViewController.swift */; };
		198CEB2587EB885A3A6CA186 /* Pods_MichisirubeApplication.framework in Frameworks */ = {isa = PBXBuildFile; fileRef = C847540D8BF5908E8CFE8DB4 /* Pods_MichisirubeApplication.framework */; };
		1DC3F96CFC73D82AC67DA69A /* AppDelegate.swift in Sources */ = {isa = PBXBuildFile; fileRef = E46DEE943C0E647AEFF7BDAD /* AppDelegate.swift */; };
		46739FE05B6FC09E7EDB8101 /* SceneDelegate.swift in Sources */ = {isa = PBXBuildFile; fileRef = 98A6A1CF02406694604A326F /* SceneDelegate.swift */; };
		5DBBCACE3E1EDB8BC4AB3850 /* EmotionSelect.storyboard in Resources */ = {isa = PBXBuildFile; fileRef = 12B702E60DB84CCA88B55EC2 /* EmotionSelect.storyboard */; };
		7C82E7E09797D203BDD97D8C /* Main.storyboard in Resources */ = {isa = PBXBuildFile; fileRef = 84905EECAA17590239DBFA89 /* Main.storyboard */; };
		7F9BE7A7BC0C9AD889D76FD1 /* Assets.xcassets in Resources */ = {isa = PBXBuildFile; fileRef = A591A8230F5203328E039085 /* Assets.xcassets */; };
		B86EA2871376AB091B134309 /* LaunchScreen.storyboard in Resources */ = {isa = PBXBuildFile; fileRef = 61F80592899F95C5B00F9EB9 /* LaunchScreen.storyboard */; };
/* End PBXBuildFile section */

/* Begin PBXFileReference section */
		103281FC518B4D28A0AB65DD /* Pods-MichisirubeApplication.release.xcconfig */ = {isa = PBXFileReference; includeInIndex = 1; lastKnownFileType = text.xcconfig; name = "Pods-MichisirubeApplication.release.xcconfig"; path = "Target Support Files/Pods-MichisirubeApplication/Pods-MichisirubeApplication.release.xcconfig"; sourceTree = "<group>"; };
		12B702E60DB84CCA88B55EC2 /* EmotionSelect.storyboard */ = {isa = PBXFileReference; lastKnownFileType = file.storyboard; path = EmotionSelect.storyboard; sourceTree = "<group>"; };
		20B9BA2D9BB1B7B10D209043 /* Base */ = {isa = PBXFileReference; lastKnownFileType = file.storyboard; name = Base; path = Base.lproj/Main.storyboard; sourceTree = "<group>"; };
		5184E7A004E2455B23B5555F /* EmotionSelectViewController.swift */ = {isa = PBXFileReference; lastKnownFileType = sourcecode.swift; path = EmotionSelectViewController.swift; sourceTree = "<group>"; };
		94B2B5EF6AB09F6BFA901510 /* MichisirubeApplication.app */ = {isa = PBXFileReference; includeInIndex = 0; lastKnownFileType = wrapper.application; path = MichisirubeApplication.app; sourceTree = BUILT_PRODUCTS_DIR; };
		98A6A1CF02406694604A326F /* SceneDelegate.swift */ = {isa = PBXFileReference; lastKnownFileType = sourcecode.swift; path = SceneDelegate.swift; sourceTree = "<group>"; };
		A591A8230F5203328E039085 /* Assets.xcassets */ = {isa = PBXFileReference; lastKnownFileType = folder.assetcatalog; path = Assets.xcassets; sourceTree = "<group>"; };
		A72B3BDA0A30F5BCF3611C7E /* Base */ = {isa = PBXFileReference; lastKnownFileType = file.storyboard; name = Base; path = Base.lproj/LaunchScreen.storyboard; sourceTree = "<group>"; };
		B757381098668DBAF7A9E0D7 /* Info.plist */ = {isa = PBXFileReference; lastKnownFileType = text.plist; path = Info.plist; sourceTree = "<group>"; };
		C0BC836E781741F91C2656B3 /* Pods-MichisirubeApplication.debug.xcconfig */ = {isa = PBXFileReference; includeInIndex = 1; lastKnownFileType = text.xcconfig; name = "Pods-MichisirubeApplication.debug.xcconfig"; path = "Target Support Files/Pods-MichisirubeApplication/Pods-MichisirubeApplication.debug.xcconfig"; sourceTree = "<group>"; };
		C847540D8BF5908E8CFE8DB4 /* Pods_MichisirubeApplication.framework */ = {isa = PBXFileReference; explicitFileType = wrapper.framework; includeInIndex = 0; path = Pods_MichisirubeApplication.framework; sourceTree = BUILT_PRODUCTS_DIR; };
		E46DEE943C0E647AEFF7BDAD /* AppDelegate.swift */ = {isa = PBXFileReference; lastKnownFileType = sourcecode.swift; path = AppDelegate.swift; sourceTree = "<group>"; };
/* End PBXFileReference section */

/* Begin PBXFrameworksBuildPhase section */
		832643273452F9F82C3C72C3 /* Frameworks */ = {
			isa = PBXFrameworksBuildPhase;
			buildActionMask = 2147483647;
			files = (
				198CEB2587EB885A3A6CA186 /* Pods_MichisirubeApplication.framework in Frameworks */,
			);
			runOnlyForDeploymentPostprocessing = 0;
		};
/* End PBXFrameworksBuildPhase section */

/* Begin PBXGroup section */
		50CE69015FE63B870295D62D /* MichisirubeApplication */ = {
			isa = PBXGroup;
			children = (
				E46DEE943C0E647AEFF7BDAD /* AppDelegate.swift */,
				A591A8230F5203328E039085 /* Assets.xcassets */,
				12B702E60DB84CCA88B55EC2 /* EmotionSelect.storyboard */,
				5184E7A004E2455B23B5555F /* EmotionSelectViewController.swift */,
				B757381098668DBAF7A9E0D7 /* Info.plist */,
				61F80592899F95C5B00F9EB9 /* LaunchScreen.storyboard */,
				84905EECAA17590239DBFA89 /* Main.storyboard */,
				98A6A1CF02406694604A326F /* SceneDelegate.swift */,
			);
			path = MichisirubeApplication;
			sourceTree = "<group>";
		};
		99C6424B5D0F2C95EC93DA26 /* Products */ = {
			isa = PBXGroup;
			children = (
				94B2B5EF6AB09F6BFA901510 /* MichisirubeApplication.app */,
			);
			name = Products;
			sourceTree = "<group>";
		};
		9D1F0A429B84F23A052001F6 = {
			isa = PBXGroup;
			children = (
				50CE69015FE63B870295D62D /* MichisirubeApplication */,
				99C6424B5D0F2C95EC93DA26 /* Products */,
				D3E543F5549A9678B4F15449 /* Pods */,
				F346887AC7178AC96DB11EDA /* Frameworks */,
			);
			sourceTree = "<group>";
		};
		D3E543F5549A9678B4F15449 /* Pods */ = {
			isa = PBXGroup;
			children = (
				C0BC836E781741F91C2656B3 /* Pods-MichisirubeApplication.debug.xcconfig */,
				103281FC518B4D28A0AB65DD /* Pods-MichisirubeApplication.release.xcconfig */,
			);
			name = Pods;
			path = Pods;
			sourceTree = "<group>";
		};
		F346887AC7178AC96DB11EDA /* Frameworks */ = {
			isa = PBXGroup;
			children = (
				C847540D8BF5908E8CFE8DB4 /* Pods_MichisirubeApplication.framework */,
			);
			name = Frameworks;
			sourceTree = "<group>";
		};
/* End PBXGroup section */

/* Begin PBXNativeTarget section */
		FCB3832ECC82C37CA546FC24 /* MichisirubeApplication */ = {
			isa = PBXNativeTarget;
			buildConfigurationList = 8E8303A840950631D2533DC2 /* Build configuration list for PBXNativeTarget "MichisirubeApplication" */;
			buildPhases = (
				F42823D2DD602E01F33E9B6A /* [CP] Check Pods Manifest.lock */,
				49DCE4788B97BB9549C6B430 /* Sources */,
				059C62D601A9DC838E909DBA /* Resources */,
				832643273452F9F82C3C72C3 /* Frameworks */,
				5BABF662FB734B994C7B2C8B /* [CP] Embed Pods Frameworks */,
			);
			buildRules = (
			);
			dependencies = (
			);
			name = MichisirubeApplication;
			productName = MichisirubeApplication;
			productReference = 94B2B5EF6AB09F6BFA901510 /* MichisirubeApplication.app */;
			productType = "com.apple.product-type.application";
		};
/* End PBXNativeTarget section */

/* Begin PBXProject section */
		AAAB27E25F0482EF51FEF215 /* Project object */ = {
			isa = PBXProject;
			attributes = {
				LastUpgradeCheck = 1020;
				TargetAttributes = {
				};
			};
			buildConfigurationList = A36A95F5E685411744972F3D /* Build configuration list for PBXProject "MichisirubeApplication" */;
			compatibilityVersion = "Xcode 10.0";
			developmentRegion = en;
			hasScannedForEncodings = 0;
			knownRegions = (
				Base,
			);
			mainGroup = 9D1F0A429B84F23A052001F6;
			productRefGroup = 99C6424B5D0F2C95EC93DA26 /* Products */;
			projectDirPath = "";
			projectRoot = "";
			targets = (
				FCB3832ECC82C37CA546FC24 /* MichisirubeApplication */,
			);
		};
/* End PBXProject section */

/* Begin PBXResourcesBuildPhase section */
		059C62D601A9DC838E909DBA /* Resources */ = {
			isa = PBXResourcesBuildPhase;
			buildActionMask = 2147483647;
			files = (
				7F9BE7A7BC0C9AD889D76FD1 /* Assets.xcassets in Resources */,
				5DBBCACE3E1EDB8BC4AB3850 /* EmotionSelect.storyboard in Resources */,
				B86EA2871376AB091B134309 /* LaunchScreen.storyboard in Resources */,
				7C82E7E09797D203BDD97D8C /* Main.storyboard in Resources */,
			);
			runOnlyForDeploymentPostprocessing = 0;
		};
/* End PBXResourcesBuildPhase section */

/* Begin PBXShellScriptBuildPhase section */
		5BABF662FB734B994C7B2C8B /* [CP] Embed Pods Frameworks */ = {
			isa = PBXShellScriptBuildPhase;
			buildActionMask = 2147483647;
			files = (
			);
			inputFileListPaths = (
				"${PODS_ROOT}/Target Support Files/Pods-MichisirubeApplication/Pods-MichisirubeApplication-frameworks-${CONFIGURATION}-input-files.xcfilelist",
			);
			name = "[CP] Embed Pods Frameworks";
			outputFileListPaths = (
				"${PODS_ROOT}/Target Support Files/Pods-MichisirubeApplication/Pods-MichisirubeApplication-frameworks-${CONFIGURATION}-output-files.xcfilelist",
			);
			runOnlyForDeploymentPostprocessing = 0;
			shellPath = /bin/sh;
			shellScript = "\"${PODS_ROOT}/Target Support Files/Pods-MichisirubeApplication/Pods-MichisirubeApplication-frameworks.sh\"\n";
			showEnvVarsInLog = 0;
		};
		F42823D2DD602E01F33E9B6A /* [CP] Check Pods Manifest.lock */ = {
			isa = PBXShellScriptBuildPhase;
			buildActionMask = 2147483647;
			files = (
			);
			inputFileListPaths = (
			);
			inputPaths = (
				"${PODS_PODFILE_DIR_PATH}/Podfile.lock",
				"${PODS_ROOT}/Manifest.lock",
			);
			name = "[CP] Check Pods Manifest.lock";
			outputFileListPaths = (
			);
			outputPaths = (
				"$(DERIVED_FILE_DIR)/Pods-MichisirubeApplication-checkManifestLockResult.txt",
			);
			runOnlyForDeploymentPostprocessing = 0;
			shellPath = /bin/sh;
			shellScript = "diff \"${PODS_PODFILE_DIR_PATH}/Podfile.lock\" \"${PODS_ROOT}/Manifest.lock\" > /dev/null\nif [ $? != 0 ] ; then\n    # print error to STDERR\n    echo \"error: The sandbox is not in sync with the Podfile.lock. Run 'pod install' or update your CocoaPods installation.\" >&2\n    exit 1\nfi\n# This output is used by Xcode 'outputs' to avoid re-running this script phase.\necho \"SUCCESS\" > \"${SCRIPT_OUTPUT_FILE_0}\"\n";
			showEnvVarsInLog = 0;
		};
/* End PBXShellScriptBuildPhase section */

/* Begin PBXSourcesBuildPhase section */
		49DCE4788B97BB9549C6B430 /* Sources */ = {
			isa = PBXSourcesBuildPhase;
			buildActionMask = 2147483647;
			files = (
				1DC3F96CFC73D82AC67DA69A /* AppDelegate.swift in Sources */,
				0B267478A927675EFF58F2AD /* EmotionSelectViewController.swift in Sources */,
				46739FE05B6FC09E7EDB8101 /* SceneDelegate.swift in Sources */,
			);
			runOnlyForDeploymentPostprocessing = 0;
		};
/* End PBXSourcesBuildPhase section */

/* Begin PBXVariantGroup section */
		61F80592899F95C5B00F9EB9 /* LaunchScreen.storyboard */ = {
			isa = PBXVariantGroup;
			children = (
				A72B3BDA0A30F5BCF3611C7E /* Base */,
			);
			name = LaunchScreen.storyboard;
			sourceTree = "<group>";
		};
		84905EECAA17590239DBFA89 /* Main.storyboard */ = {
			isa = PBXVariantGroup;
			children = (
				20B9BA2D9BB1B7B10D209043 /* Base */,
			);
			name = Main.storyboard;
			sourceTree = "<group>";
		};
/* End PBXVariantGroup section */

/* Begin XCBuildConfiguration section */
		1F3DE350C2FE34F086A6122B /* Release */ = {
			isa = XCBuildConfiguration;
			baseConfigurationReference = 103281FC518B4D28A0AB65DD /* Pods-MichisirubeApplication.release.xcconfig */;
			buildSettings = {
				ASSETCATALOG_COMPILER_APPICON_NAME = AppIcon;
				CODE_SIGN_IDENTITY = "iPhone Developer";
				CURRENT_PROJECT_VERSION = 1;
				INFOPLIST_FILE = MichisirubeApplication/Info.plist;
				LD_RUNPATH_SEARCH_PATHS = (
					"$(inherited)",
					"@executable_path/Frameworks",
				);
				PRODUCT_BUNDLE_IDENTIFIER = com.icloud.kaitokudou2468110921.MichisirubeApplication;
				SDKROOT = iphoneos;
				TARGETED_DEVICE_FAMILY = "1,2";
			};
			name = Release;
		};
		480FE67452883BC1DD903B44 /* Release */ = {
			isa = XCBuildConfiguration;
			buildSettings = {
				ALWAYS_SEARCH_USER_PATHS = NO;
				CLANG_ANALYZER_NONNULL = YES;
				CLANG_ANALYZER_NUMBER_OBJECT_CONVERSION = YES_AGGRESSIVE;
				CLANG_CXX_LANGUAGE_STANDARD = "gnu++14";
				CLANG_CXX_LIBRARY = "libc++";
				CLANG_ENABLE_MODULES = YES;
				CLANG_ENABLE_OBJC_ARC = YES;
				CLANG_WARN_BLOCK_CAPTURE_AUTORELEASING = YES;
				CLANG_WARN_BOOL_CONVERSION = YES;
				CLANG_WARN_COMMA = YES;
				CLANG_WARN_CONSTANT_CONVERSION = YES;
				CLANG_WARN_DEPRECATED_OBJC_IMPLEMENTATIONS = YES;
				CLANG_WARN_DIRECT_OBJC_ISA_USAGE = YES_ERROR;
				CLANG_WARN_DOCUMENTATION_COMMENTS = YES;
				CLANG_WARN_EMPTY_BODY = YES;
				CLANG_WARN_ENUM_CONVERSION = YES;
				CLANG_WARN_INFINITE_RECURSION = YES;
				CLANG_WARN_INT_CONVERSION = YES;
				CLANG_WARN_NON_LITERAL_NULL_CONVERSION = YES;
				CLANG_WARN_OBJC_IMPLICIT_RETAIN_SELF = YES;
				CLANG_WARN_OBJC_LITERAL_CONVERSION = YES;
				CLANG_WARN_OBJC_ROOT_CLASS = YES_ERROR;
				CLANG_WARN_RANGE_LOOP_ANALYSIS = YES;
				CLANG_WARN_STRICT_PROTOTYPES = YES;
				CLANG_WARN_SUSPICIOUS_MOVE = YES;
				CLANG_WARN_UNGUARDED_AVAILABILITY = YES_AGGRESSIVE;
				CLANG_WARN_UNREACHABLE_CODE = YES;
				CLANG_WARN__DUPLICATE_METHOD_MATCH = YES;
				COPY_PHASE_STRIP = NO;
				DEBUG_INFORMATION_FORMAT = "dwarf-with-dsym";
				ENABLE_NS_ASSERTIONS = NO;
				ENABLE_STRICT_OBJC_MSGSEND = YES;
				GCC_C_LANGUAGE_STANDARD = gnu11;
				GCC_NO_COMMON_BLOCKS = YES;
				GCC_WARN_64_TO_32_BIT_CONVERSION = YES;
				GCC_WARN_ABOUT_RETURN_TYPE = YES_ERROR;
				GCC_WARN_UNDECLARED_SELECTOR = YES;
				GCC_WARN_UNINITIALIZED_AUTOS = YES_AGGRESSIVE;
				GCC_WARN_UNUSED_FUNCTION = YES;
				GCC_WARN_UNUSED_VARIABLE = YES;
				PRODUCT_NAME = "$(TARGET_NAME)";
				SDKROOT = iphoneos;
				SWIFT_COMPILATION_MODE = wholemodule;
				SWIFT_VERSION = 5.0;
				VALIDATE_PRODUCT = YES;
			};
			name = Release;
		};
		886A736D982ABA76257127D6 /* Debug */ = {
			isa = XCBuildConfiguration;
			buildSettings = {
				ALWAYS_SEARCH_USER_PATHS = NO;
				CLANG_ANALYZER_NONNULL = YES;
				CLANG_ANALYZER_NUMBER_OBJECT_CONVERSION = YES_AGGRESSIVE;
				CLANG_CXX_LANGUAGE_STANDARD = "gnu++14";
				CLANG_CXX_LIBRARY = "libc++";
				CLANG_ENABLE_MODULES = YES;
				CLANG_ENABLE_OBJC_ARC = YES;
				CLANG_WARN_BLOCK_CAPTURE_AUTORELEASING = YES;
				CLANG_WARN_BOOL_CONVERSION = YES;
				CLANG_WARN_COMMA = YES;
				CLANG_WARN_CONSTANT_CONVERSION = YES;
				CLANG_WARN_DEPRECATED_OBJC_IMPLEMENTATIONS = YES;
				CLANG_WARN_DIRECT_OBJC_ISA_USAGE = YES_ERROR;
				CLANG_WARN_DOCUMENTATION_COMMENTS = YES;
				CLANG_WARN_EMPTY_BODY = YES;
				CLANG_WARN_ENUM_CONVERSION = YES;
				CLANG_WARN_INFINITE_RECURSION = YES;
				CLANG_WARN_INT_CONVERSION = YES;
				CLANG_WARN_NON_LITERAL_NULL_CONVERSION = YES;
				CLANG_WARN_OBJC_IMPLICIT_RETAIN_SELF = YES;
				CLANG_WARN_OBJC_LITERAL_CONVERSION = YES;
				CLANG_WARN_OBJC_ROOT_CLASS = YES_ERROR;
				CLANG_WARN_RANGE_LOOP_ANALYSIS = YES;
				CLANG_WARN_STRICT_PROTOTYPES = YES;
				CLANG_WARN_SUSPICIOUS_MOVE = YES;
				CLANG_WARN_UNGUARDED_AVAILABILITY = YES_AGGRESSIVE;
				CLANG_WARN_UNREACHABLE_CODE = YES;
				CLANG_WARN__DUPLICATE_METHOD_MATCH = YES;
				COPY_PHASE_STRIP = NO;
				DEBUG_INFORMATION_FORMAT = dwarf;
				ENABLE_STRICT_OBJC_MSGSEND = YES;
				ENABLE_TESTABILITY = YES;
				GCC_C_LANGUAGE_STANDARD = gnu11;
				GCC_DYNAMIC_NO_PIC = NO;
				GCC_NO_COMMON_BLOCKS = YES;
				GCC_OPTIMIZATION_LEVEL = 0;
				GCC_PREPROCESSOR_DEFINITIONS = (
					"$(inherited)",
					"DEBUG=1",
				);
				GCC_WARN_64_TO_32_BIT_CONVERSION = YES;
				GCC_WARN_ABOUT_RETURN_TYPE = YES_ERROR;
				GCC_WARN_UNDECLARED_SELECTOR = YES;
				GCC_WARN_UNINITIALIZED_AUTOS = YES_AGGRESSIVE;
				GCC_WARN_UNUSED_FUNCTION = YES;
				GCC_WARN_UNUSED_VARIABLE = YES;
				MTL_ENABLE_DEBUG_INFO = YES;
				ONLY_ACTIVE_ARCH = YES;
				PRODUCT_NAME = "$(TARGET_NAME)";
				SDKROOT = iphoneos;
				SWIFT_ACTIVE_COMPILATION_CONDITIONS = DEBUG;
				SWIFT_OPTIMIZATION_LEVEL = "-Onone";
				SWIFT_VERSION = 5.0;
			};
			name = Debug;
		};
		F1981C0973C48F674D55DBBA /* Debug */ = {
			isa = XCBuildConfiguration;
			baseConfigurationReference = C0BC836E781741F91C2656B3 /* Pods-MichisirubeApplication.debug.xcconfig */;
			buildSettings = {
				ASSETCATALOG_COMPILER_APPICON_NAME = AppIcon;
				CODE_SIGN_IDENTITY = "iPhone Developer";
				CURRENT_PROJECT_VERSION = 1;
				INFOPLIST_FILE = MichisirubeApplication/Info.plist;
				LD_RUNPATH_SEARCH_PATHS = (
					"$(inherited)",
					"@executable_path/Frameworks",
				);
				PRODUCT_BUNDLE_IDENTIFIER = com.icloud.kaitokudou2468110921.MichisirubeApplication;
				SDKROOT = iphoneos;
				TARGETED_DEVICE_FAMILY = "1,2";
			};
			name = Debug;
		};
/* End XCBuildConfiguration section */

/* Begin XCConfigurationList section */
		8E8303A840950631D2533DC2 /* Build configuration list for PBXNativeTarget "MichisirubeApplication" */ = {
			isa = XCConfigurationList;
			buildConfigurations = (
				F1981C0973C48F674D55DBBA /* Debug */,
				1F3DE350C2FE34F086A6122B /* Release */,
			);
			defaultConfigurationIsVisible = 0;
			defaultConfigurationName = Debug;
		};
		A36A95F5E685411744972F3D /* Build configuration list for PBXProject "MichisirubeApplication" */ = {
			isa = XCConfigurationList;
			buildConfigurations = (
				886A736D982ABA76257127D6 /* Debug */,
				480FE67452883BC1DD903B44 /* Release */,
			);
			defaultConfigurationIsVisible = 0;
			defaultConfigurationName = Debug;
		};
/* End XCConfigurationList section */
	};
	rootObject = AAAB27E25F0482EF51FEF215 /* Project object */;
}
